
Microsoft Visual Studio Solution File, Format Version 12.00
# Visual Studio Version 17
VisualStudioVersion = 17.8.34330.188
MinimumVisualStudioVersion = 10.0.40219.1
Project("{9A19103F-16F7-4668-BE54-9A1E7A4F7556}") = "HMS.Entities", "HMS.Entities\HMS.Entities.csproj", "{3112F075-AA30-4879-9525-C1FDD35EEA9E}"
EndProject
Project("{9A19103F-16F7-4668-BE54-9A1E7A4F7556}") = "HMS.DataAccess", "HMS.DataAccess\HMS.DataAccess.csproj", "{194FADE1-043E-468B-B48F-C2DDFA99AC4D}"
EndProject
Project("{9A19103F-16F7-4668-BE54-9A1E7A4F7556}") = "HMS.DTO", "HMS.DTO\HMS.DTO.csproj", "{7CC35B66-E1D4-41D8-BB57-B3979F305A6C}"
EndProject
Project("{9A19103F-16F7-4668-BE54-9A1E7A4F7556}") = "HMS.Business", "HMS.Business\HMS.Business.csproj", "{BC22CA12-D138-4748-921F-9FC9C2853D2B}"
EndProject
Project("{9A19103F-16F7-4668-BE54-9A1E7A4F7556}") = "HMS.UnitTest", "HMS.UnitTest\HMS.UnitTest.csproj", "{E59D43A8-CD18-4DAF-89B5-7A5F7A58DB2E}"
EndProject
Project("{9A19103F-16F7-4668-BE54-9A1E7A4F7556}") = "HMS.Core", "HMS.Core\HMS.Core.csproj", "{968EFBF8-1D85-4CBA-8A69-B62B8BA27A7B}"
EndProject
Project("{9A19103F-16F7-4668-BE54-9A1E7A4F7556}") = "HMS.Infrastructure", "HMS.Infrastructure\HMS.Infrastructure.csproj", "{DA96D142-B809-4931-91B7-7B357FAFA80B}"
EndProject
Project("{9A19103F-16F7-4668-BE54-9A1E7A4F7556}") = "HMS.Validation", "HMS.Validation\HMS.Validation.csproj", "{0737E30C-B961-4D12-8363-C80A38D11CA8}"
EndProject
Project("{9A19103F-16F7-4668-BE54-9A1E7A4F7556}") = "HMS.Application", "HMS.Application\HMS.Application.csproj", "{6F76595B-8EA5-40B1-A3A8-F48A0D05451E}"
EndProject
Project("{2150E333-8FDC-42A3-9474-1A3956D46DE8}") = "APIs", "APIs", "{0F41E3E1-2569-4100-8FD2-2CE6ADEF6662}"
EndProject
Project("{9A19103F-16F7-4668-BE54-9A1E7A4F7556}") = "HMS.API_COMMON", "HMS.API_COMMON\HMS.API_COMMON.csproj", "{03185832-7178-4AAE-A33F-29361C635393}"
EndProject
Project("{9A19103F-16F7-4668-BE54-9A1E7A4F7556}") = "HMS.API_GATEWAY", "HMS.API_GATEWAY\HMS.API_GATEWAY.csproj", "{B1C5E69A-9648-4E52-B90B-D71E26FDE0A2}"
EndProject
Project("{9A19103F-16F7-4668-BE54-9A1E7A4F7556}") = "HMS.API_CRM", "HMS.API_CRM\HMS.API_CRM.csproj", "{E7D71027-3221-47DB-8F90-5FF6722F9011}"
EndProject
Project("{9A19103F-16F7-4668-BE54-9A1E7A4F7556}") = "HMS.API_FRONTOFFICE", "HMS.API_FRONTOFFICE\HMS.API_FRONTOFFICE.csproj", "{48043D92-1AF2-4BAA-B5F9-5D63DECD95BB}"
EndProject
Project("{FAE04EC0-301F-11D3-BF4B-00C04F79EFBC}") = "HMS.GRAPHQL", "HMS.GRAPHQL\HMS.GRAPHQL.csproj", "{AF479321-7936-4441-8113-FD6B5461FFC8}"
EndProject
Global
	GlobalSection(SolutionConfigurationPlatforms) = preSolution
		Debug|Any CPU = Debug|Any CPU
		Release|Any CPU = Release|Any CPU
	EndGlobalSection
	GlobalSection(ProjectConfigurationPlatforms) = postSolution
		{3112F075-AA30-4879-9525-C1FDD35EEA9E}.Debug|Any CPU.ActiveCfg = Debug|Any CPU
		{3112F075-AA30-4879-9525-C1FDD35EEA9E}.Debug|Any CPU.Build.0 = Debug|Any CPU
		{3112F075-AA30-4879-9525-C1FDD35EEA9E}.Release|Any CPU.ActiveCfg = Release|Any CPU
		{3112F075-AA30-4879-9525-C1FDD35EEA9E}.Release|Any CPU.Build.0 = Release|Any CPU
		{194FADE1-043E-468B-B48F-C2DDFA99AC4D}.Debug|Any CPU.ActiveCfg = Debug|Any CPU
		{194FADE1-043E-468B-B48F-C2DDFA99AC4D}.Debug|Any CPU.Build.0 = Debug|Any CPU
		{194FADE1-043E-468B-B48F-C2DDFA99AC4D}.Release|Any CPU.ActiveCfg = Release|Any CPU
		{194FADE1-043E-468B-B48F-C2DDFA99AC4D}.Release|Any CPU.Build.0 = Release|Any CPU
		{7CC35B66-E1D4-41D8-BB57-B3979F305A6C}.Debug|Any CPU.ActiveCfg = Debug|Any CPU
		{7CC35B66-E1D4-41D8-BB57-B3979F305A6C}.Debug|Any CPU.Build.0 = Debug|Any CPU
		{7CC35B66-E1D4-41D8-BB57-B3979F305A6C}.Release|Any CPU.ActiveCfg = Release|Any CPU
		{7CC35B66-E1D4-41D8-BB57-B3979F305A6C}.Release|Any CPU.Build.0 = Release|Any CPU
		{BC22CA12-D138-4748-921F-9FC9C2853D2B}.Debug|Any CPU.ActiveCfg = Debug|Any CPU
		{BC22CA12-D138-4748-921F-9FC9C2853D2B}.Debug|Any CPU.Build.0 = Debug|Any CPU
		{BC22CA12-D138-4748-921F-9FC9C2853D2B}.Release|Any CPU.ActiveCfg = Release|Any CPU
		{BC22CA12-D138-4748-921F-9FC9C2853D2B}.Release|Any CPU.Build.0 = Release|Any CPU
		{E59D43A8-CD18-4DAF-89B5-7A5F7A58DB2E}.Debug|Any CPU.ActiveCfg = Debug|Any CPU
		{E59D43A8-CD18-4DAF-89B5-7A5F7A58DB2E}.Debug|Any CPU.Build.0 = Debug|Any CPU
		{E59D43A8-CD18-4DAF-89B5-7A5F7A58DB2E}.Release|Any CPU.ActiveCfg = Release|Any CPU
		{E59D43A8-CD18-4DAF-89B5-7A5F7A58DB2E}.Release|Any CPU.Build.0 = Release|Any CPU
		{968EFBF8-1D85-4CBA-8A69-B62B8BA27A7B}.Debug|Any CPU.ActiveCfg = Debug|Any CPU
		{968EFBF8-1D85-4CBA-8A69-B62B8BA27A7B}.Debug|Any CPU.Build.0 = Debug|Any CPU
		{968EFBF8-1D85-4CBA-8A69-B62B8BA27A7B}.Release|Any CPU.ActiveCfg = Release|Any CPU
		{968EFBF8-1D85-4CBA-8A69-B62B8BA27A7B}.Release|Any CPU.Build.0 = Release|Any CPU
		{DA96D142-B809-4931-91B7-7B357FAFA80B}.Debug|Any CPU.ActiveCfg = Debug|Any CPU
		{DA96D142-B809-4931-91B7-7B357FAFA80B}.Debug|Any CPU.Build.0 = Debug|Any CPU
		{DA96D142-B809-4931-91B7-7B357FAFA80B}.Release|Any CPU.ActiveCfg = Release|Any CPU
		{DA96D142-B809-4931-91B7-7B357FAFA80B}.Release|Any CPU.Build.0 = Release|Any CPU
		{0737E30C-B961-4D12-8363-C80A38D11CA8}.Debug|Any CPU.ActiveCfg = Debug|Any CPU
		{0737E30C-B961-4D12-8363-C80A38D11CA8}.Debug|Any CPU.Build.0 = Debug|Any CPU
		{0737E30C-B961-4D12-8363-C80A38D11CA8}.Release|Any CPU.ActiveCfg = Release|Any CPU
		{0737E30C-B961-4D12-8363-C80A38D11CA8}.Release|Any CPU.Build.0 = Release|Any CPU
		{6F76595B-8EA5-40B1-A3A8-F48A0D05451E}.Debug|Any CPU.ActiveCfg = Debug|Any CPU
		{6F76595B-8EA5-40B1-A3A8-F48A0D05451E}.Debug|Any CPU.Build.0 = Debug|Any CPU
		{6F76595B-8EA5-40B1-A3A8-F48A0D05451E}.Release|Any CPU.ActiveCfg = Release|Any CPU
		{6F76595B-8EA5-40B1-A3A8-F48A0D05451E}.Release|Any CPU.Build.0 = Release|Any CPU
		{03185832-7178-4AAE-A33F-29361C635393}.Debug|Any CPU.ActiveCfg = Debug|Any CPU
		{03185832-7178-4AAE-A33F-29361C635393}.Debug|Any CPU.Build.0 = Debug|Any CPU
		{03185832-7178-4AAE-A33F-29361C635393}.Release|Any CPU.ActiveCfg = Release|Any CPU
		{03185832-7178-4AAE-A33F-29361C635393}.Release|Any CPU.Build.0 = Release|Any CPU
		{B1C5E69A-9648-4E52-B90B-D71E26FDE0A2}.Debug|Any CPU.ActiveCfg = Debug|Any CPU
		{B1C5E69A-9648-4E52-B90B-D71E26FDE0A2}.Debug|Any CPU.Build.0 = Debug|Any CPU
		{B1C5E69A-9648-4E52-B90B-D71E26FDE0A2}.Release|Any CPU.ActiveCfg = Release|Any CPU
		{B1C5E69A-9648-4E52-B90B-D71E26FDE0A2}.Release|Any CPU.Build.0 = Release|Any CPU
		{E7D71027-3221-47DB-8F90-5FF6722F9011}.Debug|Any CPU.ActiveCfg = Debug|Any CPU
		{E7D71027-3221-47DB-8F90-5FF6722F9011}.Debug|Any CPU.Build.0 = Debug|Any CPU
		{E7D71027-3221-47DB-8F90-5FF6722F9011}.Release|Any CPU.ActiveCfg = Release|Any CPU
		{E7D71027-3221-47DB-8F90-5FF6722F9011}.Release|Any CPU.Build.0 = Release|Any CPU
		{48043D92-1AF2-4BAA-B5F9-5D63DECD95BB}.Debug|Any CPU.ActiveCfg = Debug|Any CPU
		{48043D92-1AF2-4BAA-B5F9-5D63DECD95BB}.Debug|Any CPU.Build.0 = Debug|Any CPU
		{48043D92-1AF2-4BAA-B5F9-5D63DECD95BB}.Release|Any CPU.ActiveCfg = Release|Any CPU
		{48043D92-1AF2-4BAA-B5F9-5D63DECD95BB}.Release|Any CPU.Build.0 = Release|Any CPU
		{AF479321-7936-4441-8113-FD6B5461FFC8}.Debug|Any CPU.ActiveCfg = Debug|Any CPU
		{AF479321-7936-4441-8113-FD6B5461FFC8}.Debug|Any CPU.Build.0 = Debug|Any CPU
		{AF479321-7936-4441-8113-FD6B5461FFC8}.Release|Any CPU.ActiveCfg = Release|Any CPU
		{AF479321-7936-4441-8113-FD6B5461FFC8}.Release|Any CPU.Build.0 = Release|Any CPU
	EndGlobalSection
	GlobalSection(SolutionProperties) = preSolution
		HideSolutionNode = FALSE
	EndGlobalSection
	GlobalSection(NestedProjects) = preSolution
		{03185832-7178-4AAE-A33F-29361C635393} = {0F41E3E1-2569-4100-8FD2-2CE6ADEF6662}
		{B1C5E69A-9648-4E52-B90B-D71E26FDE0A2} = {0F41E3E1-2569-4100-8FD2-2CE6ADEF6662}
		{E7D71027-3221-47DB-8F90-5FF6722F9011} = {0F41E3E1-2569-4100-8FD2-2CE6ADEF6662}
		{48043D92-1AF2-4BAA-B5F9-5D63DECD95BB} = {0F41E3E1-2569-4100-8FD2-2CE6ADEF6662}
		{AF479321-7936-4441-8113-FD6B5461FFC8} = {0F41E3E1-2569-4100-8FD2-2CE6ADEF6662}
	EndGlobalSection
	GlobalSection(ExtensibilityGlobals) = postSolution
		SolutionGuid = {6CFE62F0-D825-45F5-A6D5-DD776F7C4CC8}
	EndGlobalSection
EndGlobal
